
Microsoft Visual Studio Solution File, Format Version 12.00
# Visual Studio Version 18
VisualStudioVersion = 18.4.11620.152 stable
MinimumVisualStudioVersion = 10.0.40219.1
Project("{FAE04EC0-301F-11D3-BF4B-00C04F79EFBC}") = "ApplicationOperPageLes", "ApplicationOperPageLes.csproj", "{8BD9A337-C180-AFA1-37D0-2C01D911465F}"
EndProject
Global
	GlobalSection(SolutionConfigurationPlatforms) = preSolution
		Debug|Any CPU = Debug|Any CPU
		Release|Any CPU = Release|Any CPU
		Testing|Any CPU = Testing|Any CPU
	EndGlobalSection
	GlobalSection(ProjectConfigurationPlatforms) = postSolution
		{8BD9A337-C180-AFA1-37D0-2C01D911465F}.Debug|Any CPU.ActiveCfg = Debug|Any CPU
		{8BD9A337-C180-AFA1-37D0-2C01D911465F}.Debug|Any CPU.Build.0 = Debug|Any CPU
		{8BD9A337-C180-AFA1-37D0-2C01D911465F}.Release|Any CPU.ActiveCfg = Release|Any CPU
		{8BD9A337-C180-AFA1-37D0-2C01D911465F}.Release|Any CPU.Build.0 = Release|Any CPU
		{8BD9A337-C180-AFA1-37D0-2C01D911465F}.Testing|Any CPU.ActiveCfg = Testing|Any CPU
		{8BD9A337-C180-AFA1-37D0-2C01D911465F}.Testing|Any CPU.Build.0 = Testing|Any CPU
	EndGlobalSection
	GlobalSection(SolutionProperties) = preSolution
		HideSolutionNode = FALSE
	EndGlobalSection
	GlobalSection(ExtensibilityGlobals) = postSolution
		SolutionGuid = {402B4226-AA6F-4D45-B371-850444212EB3}
	EndGlobalSection
EndGlobal
