
Microsoft Visual Studio Solution File, Format Version 12.00
# Visual Studio Version 17
VisualStudioVersion = 17.9.34723.18
MinimumVisualStudioVersion = 10.0.40219.1
Project("{FAE04EC0-301F-11D3-BF4B-00C04F79EFBC}") = "Auxiliary_Access_Console_DL_20", "Auxiliary_Access_Console_DL_20.csproj", "{EA626EA3-FA53-4622-80CB-95B467D4D6BA}"
EndProject
Global
	GlobalSection(SolutionConfigurationPlatforms) = preSolution
		Debug|Any CPU = Debug|Any CPU
		Release|Any CPU = Release|Any CPU
	EndGlobalSection
	GlobalSection(ProjectConfigurationPlatforms) = postSolution
		{EA626EA3-FA53-4622-80CB-95B467D4D6BA}.Debug|Any CPU.ActiveCfg = Debug|Any CPU
		{EA626EA3-FA53-4622-80CB-95B467D4D6BA}.Debug|Any CPU.Build.0 = Debug|Any CPU
		{EA626EA3-FA53-4622-80CB-95B467D4D6BA}.Release|Any CPU.ActiveCfg = Release|Any CPU
		{EA626EA3-FA53-4622-80CB-95B467D4D6BA}.Release|Any CPU.Build.0 = Release|Any CPU
	EndGlobalSection
	GlobalSection(SolutionProperties) = preSolution
		HideSolutionNode = FALSE
	EndGlobalSection
	GlobalSection(ExtensibilityGlobals) = postSolution
		SolutionGuid = {2D9E683F-6202-4B40-93C2-E026E3449FB9}
	EndGlobalSection
EndGlobal
