
Microsoft Visual Studio Solution File, Format Version 12.00
# Visual Studio Version 17
VisualStudioVersion = 17.9.34723.18
MinimumVisualStudioVersion = 10.0.40219.1
Project("{9A19103F-16F7-4668-BE54-9A1E7A4F7556}") = "OperPage_les", "OperPage_les.csproj", "{EA626EA3-FA53-4622-80CB-95B467D4D6BA}"
EndProject
Project("{9A19103F-16F7-4668-BE54-9A1E7A4F7556}") = "InterpreterCommand", "..\InterpreterCommand\InterpreterCommand.csproj", "{13BFF15D-F667-45F1-B470-C825883686FD}"
EndProject
Project("{9A19103F-16F7-4668-BE54-9A1E7A4F7556}") = "IEL", "..\IEL\IEL.csproj", "{648B8AF7-16B2-4775-BB58-650BFCDBC68B}"
EndProject
Project("{FAE04EC0-301F-11D3-BF4B-00C04F79EFBC}") = "CreatorPGLS", "..\CreatorPGLS\CreatorPGLS.csproj", "{442A4543-3FBC-4D25-9349-F2BB7A01A052}"
EndProject
Project("{FAE04EC0-301F-11D3-BF4B-00C04F79EFBC}") = "DataScroll", "..\DataScroll\DataScroll.csproj", "{09F93CED-6D55-4EBB-9112-385038477A0B}"
EndProject
Global
	GlobalSection(SolutionConfigurationPlatforms) = preSolution
		Debug|Any CPU = Debug|Any CPU
		Debug|x64 = Debug|x64
		Debug|x86 = Debug|x86
		Release|Any CPU = Release|Any CPU
		Release|x64 = Release|x64
		Release|x86 = Release|x86
	EndGlobalSection
	GlobalSection(ProjectConfigurationPlatforms) = postSolution
		{EA626EA3-FA53-4622-80CB-95B467D4D6BA}.Debug|Any CPU.ActiveCfg = Debug|Any CPU
		{EA626EA3-FA53-4622-80CB-95B467D4D6BA}.Debug|Any CPU.Build.0 = Debug|Any CPU
		{EA626EA3-FA53-4622-80CB-95B467D4D6BA}.Debug|x64.ActiveCfg = Debug|x64
		{EA626EA3-FA53-4622-80CB-95B467D4D6BA}.Debug|x64.Build.0 = Debug|x64
		{EA626EA3-FA53-4622-80CB-95B467D4D6BA}.Debug|x86.ActiveCfg = Debug|x86
		{EA626EA3-FA53-4622-80CB-95B467D4D6BA}.Debug|x86.Build.0 = Debug|x86
		{EA626EA3-FA53-4622-80CB-95B467D4D6BA}.Release|Any CPU.ActiveCfg = Release|Any CPU
		{EA626EA3-FA53-4622-80CB-95B467D4D6BA}.Release|Any CPU.Build.0 = Release|Any CPU
		{EA626EA3-FA53-4622-80CB-95B467D4D6BA}.Release|x64.ActiveCfg = Release|x64
		{EA626EA3-FA53-4622-80CB-95B467D4D6BA}.Release|x64.Build.0 = Release|x64
		{EA626EA3-FA53-4622-80CB-95B467D4D6BA}.Release|x86.ActiveCfg = Release|x86
		{EA626EA3-FA53-4622-80CB-95B467D4D6BA}.Release|x86.Build.0 = Release|x86
		{13BFF15D-F667-45F1-B470-C825883686FD}.Debug|Any CPU.ActiveCfg = Debug|Any CPU
		{13BFF15D-F667-45F1-B470-C825883686FD}.Debug|Any CPU.Build.0 = Debug|Any CPU
		{13BFF15D-F667-45F1-B470-C825883686FD}.Debug|x64.ActiveCfg = Debug|x64
		{13BFF15D-F667-45F1-B470-C825883686FD}.Debug|x64.Build.0 = Debug|x64
		{13BFF15D-F667-45F1-B470-C825883686FD}.Debug|x86.ActiveCfg = Debug|x86
		{13BFF15D-F667-45F1-B470-C825883686FD}.Debug|x86.Build.0 = Debug|x86
		{13BFF15D-F667-45F1-B470-C825883686FD}.Release|Any CPU.ActiveCfg = Release|Any CPU
		{13BFF15D-F667-45F1-B470-C825883686FD}.Release|Any CPU.Build.0 = Release|Any CPU
		{13BFF15D-F667-45F1-B470-C825883686FD}.Release|x64.ActiveCfg = Release|x64
		{13BFF15D-F667-45F1-B470-C825883686FD}.Release|x64.Build.0 = Release|x64
		{13BFF15D-F667-45F1-B470-C825883686FD}.Release|x86.ActiveCfg = Release|x86
		{13BFF15D-F667-45F1-B470-C825883686FD}.Release|x86.Build.0 = Release|x86
		{648B8AF7-16B2-4775-BB58-650BFCDBC68B}.Debug|Any CPU.ActiveCfg = Debug|Any CPU
		{648B8AF7-16B2-4775-BB58-650BFCDBC68B}.Debug|Any CPU.Build.0 = Debug|Any CPU
		{648B8AF7-16B2-4775-BB58-650BFCDBC68B}.Debug|x64.ActiveCfg = Debug|x64
		{648B8AF7-16B2-4775-BB58-650BFCDBC68B}.Debug|x64.Build.0 = Debug|x64
		{648B8AF7-16B2-4775-BB58-650BFCDBC68B}.Debug|x86.ActiveCfg = Debug|x86
		{648B8AF7-16B2-4775-BB58-650BFCDBC68B}.Debug|x86.Build.0 = Debug|x86
		{648B8AF7-16B2-4775-BB58-650BFCDBC68B}.Release|Any CPU.ActiveCfg = Release|Any CPU
		{648B8AF7-16B2-4775-BB58-650BFCDBC68B}.Release|Any CPU.Build.0 = Release|Any CPU
		{648B8AF7-16B2-4775-BB58-650BFCDBC68B}.Release|x64.ActiveCfg = Release|x64
		{648B8AF7-16B2-4775-BB58-650BFCDBC68B}.Release|x64.Build.0 = Release|x64
		{648B8AF7-16B2-4775-BB58-650BFCDBC68B}.Release|x86.ActiveCfg = Release|x86
		{648B8AF7-16B2-4775-BB58-650BFCDBC68B}.Release|x86.Build.0 = Release|x86
		{442A4543-3FBC-4D25-9349-F2BB7A01A052}.Debug|Any CPU.ActiveCfg = Debug|Any CPU
		{442A4543-3FBC-4D25-9349-F2BB7A01A052}.Debug|Any CPU.Build.0 = Debug|Any CPU
		{442A4543-3FBC-4D25-9349-F2BB7A01A052}.Debug|x64.ActiveCfg = Debug|x64
		{442A4543-3FBC-4D25-9349-F2BB7A01A052}.Debug|x64.Build.0 = Debug|x64
		{442A4543-3FBC-4D25-9349-F2BB7A01A052}.Debug|x86.ActiveCfg = Debug|x86
		{442A4543-3FBC-4D25-9349-F2BB7A01A052}.Debug|x86.Build.0 = Debug|x86
		{442A4543-3FBC-4D25-9349-F2BB7A01A052}.Release|Any CPU.ActiveCfg = Release|Any CPU
		{442A4543-3FBC-4D25-9349-F2BB7A01A052}.Release|Any CPU.Build.0 = Release|Any CPU
		{442A4543-3FBC-4D25-9349-F2BB7A01A052}.Release|x64.ActiveCfg = Release|x64
		{442A4543-3FBC-4D25-9349-F2BB7A01A052}.Release|x64.Build.0 = Release|x64
		{442A4543-3FBC-4D25-9349-F2BB7A01A052}.Release|x86.ActiveCfg = Release|x86
		{442A4543-3FBC-4D25-9349-F2BB7A01A052}.Release|x86.Build.0 = Release|x86
		{09F93CED-6D55-4EBB-9112-385038477A0B}.Debug|Any CPU.ActiveCfg = Debug|Any CPU
		{09F93CED-6D55-4EBB-9112-385038477A0B}.Debug|Any CPU.Build.0 = Debug|Any CPU
		{09F93CED-6D55-4EBB-9112-385038477A0B}.Debug|x64.ActiveCfg = Debug|x64
		{09F93CED-6D55-4EBB-9112-385038477A0B}.Debug|x64.Build.0 = Debug|x64
		{09F93CED-6D55-4EBB-9112-385038477A0B}.Debug|x86.ActiveCfg = Debug|x86
		{09F93CED-6D55-4EBB-9112-385038477A0B}.Debug|x86.Build.0 = Debug|x86
		{09F93CED-6D55-4EBB-9112-385038477A0B}.Release|Any CPU.ActiveCfg = Release|Any CPU
		{09F93CED-6D55-4EBB-9112-385038477A0B}.Release|Any CPU.Build.0 = Release|Any CPU
		{09F93CED-6D55-4EBB-9112-385038477A0B}.Release|x64.ActiveCfg = Release|x64
		{09F93CED-6D55-4EBB-9112-385038477A0B}.Release|x64.Build.0 = Release|x64
		{09F93CED-6D55-4EBB-9112-385038477A0B}.Release|x86.ActiveCfg = Release|x86
		{09F93CED-6D55-4EBB-9112-385038477A0B}.Release|x86.Build.0 = Release|x86
	EndGlobalSection
	GlobalSection(SolutionProperties) = preSolution
		HideSolutionNode = FALSE
	EndGlobalSection
	GlobalSection(ExtensibilityGlobals) = postSolution
		SolutionGuid = {2D9E683F-6202-4B40-93C2-E026E3449FB9}
	EndGlobalSection
EndGlobal
