
Microsoft Visual Studio Solution File, Format Version 12.00
# Visual Studio Version 17
VisualStudioVersion = 17.9.34723.18
MinimumVisualStudioVersion = 10.0.40219.1
Project("{9A19103F-16F7-4668-BE54-9A1E7A4F7556}") = "OperPage_les", "OperPage_les.csproj", "{EA626EA3-FA53-4622-80CB-95B467D4D6BA}"
EndProject
Project("{9A19103F-16F7-4668-BE54-9A1E7A4F7556}") = "InterpreterCommand", "..\InterpreterCommand\InterpreterCommand.csproj", "{13BFF15D-F667-45F1-B470-C825883686FD}"
EndProject
Project("{9A19103F-16F7-4668-BE54-9A1E7A4F7556}") = "IEL", "..\IEL\IEL.csproj", "{648B8AF7-16B2-4775-BB58-650BFCDBC68B}"
EndProject
Project("{FAE04EC0-301F-11D3-BF4B-00C04F79EFBC}") = "ConsoleManipulateKey", "..\ConsoleManipulateKey\ConsoleManipulateKey.csproj", "{D0A35315-87C1-4275-9575-14B510AD04A2}"
EndProject
Global
	GlobalSection(SolutionConfigurationPlatforms) = preSolution
		Debug|Any CPU = Debug|Any CPU
		Debug|ARM32 = Debug|ARM32
		Debug|ARM64 = Debug|ARM64
		Debug|x64 = Debug|x64
		Debug|x86 = Debug|x86
		Release|Any CPU = Release|Any CPU
		Release|ARM32 = Release|ARM32
		Release|ARM64 = Release|ARM64
		Release|x64 = Release|x64
		Release|x86 = Release|x86
		Testing|Any CPU = Testing|Any CPU
		Testing|ARM32 = Testing|ARM32
		Testing|ARM64 = Testing|ARM64
		Testing|x64 = Testing|x64
		Testing|x86 = Testing|x86
	EndGlobalSection
	GlobalSection(ProjectConfigurationPlatforms) = postSolution
		{EA626EA3-FA53-4622-80CB-95B467D4D6BA}.Debug|Any CPU.ActiveCfg = Debug|Any CPU
		{EA626EA3-FA53-4622-80CB-95B467D4D6BA}.Debug|Any CPU.Build.0 = Debug|Any CPU
		{EA626EA3-FA53-4622-80CB-95B467D4D6BA}.Debug|ARM32.ActiveCfg = Debug|Any CPU
		{EA626EA3-FA53-4622-80CB-95B467D4D6BA}.Debug|ARM32.Build.0 = Debug|Any CPU
		{EA626EA3-FA53-4622-80CB-95B467D4D6BA}.Debug|ARM64.ActiveCfg = Debug|Any CPU
		{EA626EA3-FA53-4622-80CB-95B467D4D6BA}.Debug|ARM64.Build.0 = Debug|Any CPU
		{EA626EA3-FA53-4622-80CB-95B467D4D6BA}.Debug|x64.ActiveCfg = Debug|Any CPU
		{EA626EA3-FA53-4622-80CB-95B467D4D6BA}.Debug|x64.Build.0 = Debug|Any CPU
		{EA626EA3-FA53-4622-80CB-95B467D4D6BA}.Debug|x86.ActiveCfg = Debug|x86
		{EA626EA3-FA53-4622-80CB-95B467D4D6BA}.Debug|x86.Build.0 = Debug|x86
		{EA626EA3-FA53-4622-80CB-95B467D4D6BA}.Release|Any CPU.ActiveCfg = Release|Any CPU
		{EA626EA3-FA53-4622-80CB-95B467D4D6BA}.Release|Any CPU.Build.0 = Release|Any CPU
		{EA626EA3-FA53-4622-80CB-95B467D4D6BA}.Release|ARM32.ActiveCfg = Release|ARM32
		{EA626EA3-FA53-4622-80CB-95B467D4D6BA}.Release|ARM32.Build.0 = Release|ARM32
		{EA626EA3-FA53-4622-80CB-95B467D4D6BA}.Release|ARM64.ActiveCfg = Release|ARM64
		{EA626EA3-FA53-4622-80CB-95B467D4D6BA}.Release|ARM64.Build.0 = Release|ARM64
		{EA626EA3-FA53-4622-80CB-95B467D4D6BA}.Release|x64.ActiveCfg = Release|x64
		{EA626EA3-FA53-4622-80CB-95B467D4D6BA}.Release|x64.Build.0 = Release|x64
		{EA626EA3-FA53-4622-80CB-95B467D4D6BA}.Release|x86.ActiveCfg = Release|x86
		{EA626EA3-FA53-4622-80CB-95B467D4D6BA}.Release|x86.Build.0 = Release|x86
		{EA626EA3-FA53-4622-80CB-95B467D4D6BA}.Testing|Any CPU.ActiveCfg = Testing|Any CPU
		{EA626EA3-FA53-4622-80CB-95B467D4D6BA}.Testing|Any CPU.Build.0 = Testing|Any CPU
		{EA626EA3-FA53-4622-80CB-95B467D4D6BA}.Testing|ARM32.ActiveCfg = Testing|ARM32
		{EA626EA3-FA53-4622-80CB-95B467D4D6BA}.Testing|ARM32.Build.0 = Testing|ARM32
		{EA626EA3-FA53-4622-80CB-95B467D4D6BA}.Testing|ARM64.ActiveCfg = Testing|ARM64
		{EA626EA3-FA53-4622-80CB-95B467D4D6BA}.Testing|ARM64.Build.0 = Testing|ARM64
		{EA626EA3-FA53-4622-80CB-95B467D4D6BA}.Testing|x64.ActiveCfg = Testing|x64
		{EA626EA3-FA53-4622-80CB-95B467D4D6BA}.Testing|x64.Build.0 = Testing|x64
		{EA626EA3-FA53-4622-80CB-95B467D4D6BA}.Testing|x86.ActiveCfg = Testing|x86
		{EA626EA3-FA53-4622-80CB-95B467D4D6BA}.Testing|x86.Build.0 = Testing|x86
		{13BFF15D-F667-45F1-B470-C825883686FD}.Debug|Any CPU.ActiveCfg = Debug|ARM32
		{13BFF15D-F667-45F1-B470-C825883686FD}.Debug|Any CPU.Build.0 = Debug|ARM32
		{13BFF15D-F667-45F1-B470-C825883686FD}.Debug|ARM32.ActiveCfg = Debug|ARM32
		{13BFF15D-F667-45F1-B470-C825883686FD}.Debug|ARM32.Build.0 = Debug|ARM32
		{13BFF15D-F667-45F1-B470-C825883686FD}.Debug|ARM64.ActiveCfg = Debug|x64
		{13BFF15D-F667-45F1-B470-C825883686FD}.Debug|ARM64.Build.0 = Debug|x64
		{13BFF15D-F667-45F1-B470-C825883686FD}.Debug|x64.ActiveCfg = Debug|x64
		{13BFF15D-F667-45F1-B470-C825883686FD}.Debug|x64.Build.0 = Debug|x64
		{13BFF15D-F667-45F1-B470-C825883686FD}.Debug|x86.ActiveCfg = Debug|x86
		{13BFF15D-F667-45F1-B470-C825883686FD}.Debug|x86.Build.0 = Debug|x86
		{13BFF15D-F667-45F1-B470-C825883686FD}.Release|Any CPU.ActiveCfg = Release|Any CPU
		{13BFF15D-F667-45F1-B470-C825883686FD}.Release|Any CPU.Build.0 = Release|Any CPU
		{13BFF15D-F667-45F1-B470-C825883686FD}.Release|ARM32.ActiveCfg = Release|ARM32
		{13BFF15D-F667-45F1-B470-C825883686FD}.Release|ARM32.Build.0 = Release|ARM32
		{13BFF15D-F667-45F1-B470-C825883686FD}.Release|ARM64.ActiveCfg = Release|ARM64
		{13BFF15D-F667-45F1-B470-C825883686FD}.Release|ARM64.Build.0 = Release|ARM64
		{13BFF15D-F667-45F1-B470-C825883686FD}.Release|x64.ActiveCfg = Release|x64
		{13BFF15D-F667-45F1-B470-C825883686FD}.Release|x64.Build.0 = Release|x64
		{13BFF15D-F667-45F1-B470-C825883686FD}.Release|x86.ActiveCfg = Release|x86
		{13BFF15D-F667-45F1-B470-C825883686FD}.Release|x86.Build.0 = Release|x86
		{13BFF15D-F667-45F1-B470-C825883686FD}.Testing|Any CPU.ActiveCfg = Testing|Any CPU
		{13BFF15D-F667-45F1-B470-C825883686FD}.Testing|Any CPU.Build.0 = Testing|Any CPU
		{13BFF15D-F667-45F1-B470-C825883686FD}.Testing|ARM32.ActiveCfg = Testing|ARM32
		{13BFF15D-F667-45F1-B470-C825883686FD}.Testing|ARM32.Build.0 = Testing|ARM32
		{13BFF15D-F667-45F1-B470-C825883686FD}.Testing|ARM64.ActiveCfg = Testing|ARM64
		{13BFF15D-F667-45F1-B470-C825883686FD}.Testing|ARM64.Build.0 = Testing|ARM64
		{13BFF15D-F667-45F1-B470-C825883686FD}.Testing|x64.ActiveCfg = Testing|x64
		{13BFF15D-F667-45F1-B470-C825883686FD}.Testing|x64.Build.0 = Testing|x64
		{13BFF15D-F667-45F1-B470-C825883686FD}.Testing|x86.ActiveCfg = Testing|x86
		{13BFF15D-F667-45F1-B470-C825883686FD}.Testing|x86.Build.0 = Testing|x86
		{648B8AF7-16B2-4775-BB58-650BFCDBC68B}.Debug|Any CPU.ActiveCfg = Debug|Any CPU
		{648B8AF7-16B2-4775-BB58-650BFCDBC68B}.Debug|Any CPU.Build.0 = Debug|Any CPU
		{648B8AF7-16B2-4775-BB58-650BFCDBC68B}.Debug|ARM32.ActiveCfg = Debug|Any CPU
		{648B8AF7-16B2-4775-BB58-650BFCDBC68B}.Debug|ARM32.Build.0 = Debug|Any CPU
		{648B8AF7-16B2-4775-BB58-650BFCDBC68B}.Debug|ARM64.ActiveCfg = Debug|x64
		{648B8AF7-16B2-4775-BB58-650BFCDBC68B}.Debug|ARM64.Build.0 = Debug|x64
		{648B8AF7-16B2-4775-BB58-650BFCDBC68B}.Debug|x64.ActiveCfg = Debug|x64
		{648B8AF7-16B2-4775-BB58-650BFCDBC68B}.Debug|x64.Build.0 = Debug|x64
		{648B8AF7-16B2-4775-BB58-650BFCDBC68B}.Debug|x86.ActiveCfg = Debug|x86
		{648B8AF7-16B2-4775-BB58-650BFCDBC68B}.Debug|x86.Build.0 = Debug|x86
		{648B8AF7-16B2-4775-BB58-650BFCDBC68B}.Release|Any CPU.ActiveCfg = Release|Any CPU
		{648B8AF7-16B2-4775-BB58-650BFCDBC68B}.Release|Any CPU.Build.0 = Release|Any CPU
		{648B8AF7-16B2-4775-BB58-650BFCDBC68B}.Release|ARM32.ActiveCfg = Release|Any CPU
		{648B8AF7-16B2-4775-BB58-650BFCDBC68B}.Release|ARM32.Build.0 = Release|Any CPU
		{648B8AF7-16B2-4775-BB58-650BFCDBC68B}.Release|ARM64.ActiveCfg = Release|ARM64
		{648B8AF7-16B2-4775-BB58-650BFCDBC68B}.Release|ARM64.Build.0 = Release|ARM64
		{648B8AF7-16B2-4775-BB58-650BFCDBC68B}.Release|x64.ActiveCfg = Release|x64
		{648B8AF7-16B2-4775-BB58-650BFCDBC68B}.Release|x64.Build.0 = Release|x64
		{648B8AF7-16B2-4775-BB58-650BFCDBC68B}.Release|x86.ActiveCfg = Release|x86
		{648B8AF7-16B2-4775-BB58-650BFCDBC68B}.Release|x86.Build.0 = Release|x86
		{648B8AF7-16B2-4775-BB58-650BFCDBC68B}.Testing|Any CPU.ActiveCfg = Testing|Any CPU
		{648B8AF7-16B2-4775-BB58-650BFCDBC68B}.Testing|Any CPU.Build.0 = Testing|Any CPU
		{648B8AF7-16B2-4775-BB58-650BFCDBC68B}.Testing|ARM32.ActiveCfg = Testing|Any CPU
		{648B8AF7-16B2-4775-BB58-650BFCDBC68B}.Testing|ARM32.Build.0 = Testing|Any CPU
		{648B8AF7-16B2-4775-BB58-650BFCDBC68B}.Testing|ARM64.ActiveCfg = Testing|ARM64
		{648B8AF7-16B2-4775-BB58-650BFCDBC68B}.Testing|ARM64.Build.0 = Testing|ARM64
		{648B8AF7-16B2-4775-BB58-650BFCDBC68B}.Testing|x64.ActiveCfg = Testing|x64
		{648B8AF7-16B2-4775-BB58-650BFCDBC68B}.Testing|x64.Build.0 = Testing|x64
		{648B8AF7-16B2-4775-BB58-650BFCDBC68B}.Testing|x86.ActiveCfg = Testing|x86
		{648B8AF7-16B2-4775-BB58-650BFCDBC68B}.Testing|x86.Build.0 = Testing|x86
		{D0A35315-87C1-4275-9575-14B510AD04A2}.Debug|Any CPU.ActiveCfg = Debug|ARM32
		{D0A35315-87C1-4275-9575-14B510AD04A2}.Debug|Any CPU.Build.0 = Debug|ARM32
		{D0A35315-87C1-4275-9575-14B510AD04A2}.Debug|ARM32.ActiveCfg = Debug|ARM32
		{D0A35315-87C1-4275-9575-14B510AD04A2}.Debug|ARM32.Build.0 = Debug|ARM32
		{D0A35315-87C1-4275-9575-14B510AD04A2}.Debug|ARM64.ActiveCfg = Debug|x64
		{D0A35315-87C1-4275-9575-14B510AD04A2}.Debug|ARM64.Build.0 = Debug|x64
		{D0A35315-87C1-4275-9575-14B510AD04A2}.Debug|x64.ActiveCfg = Debug|x64
		{D0A35315-87C1-4275-9575-14B510AD04A2}.Debug|x64.Build.0 = Debug|x64
		{D0A35315-87C1-4275-9575-14B510AD04A2}.Debug|x86.ActiveCfg = Debug|Any CPU
		{D0A35315-87C1-4275-9575-14B510AD04A2}.Debug|x86.Build.0 = Debug|Any CPU
		{D0A35315-87C1-4275-9575-14B510AD04A2}.Release|Any CPU.ActiveCfg = Release|Any CPU
		{D0A35315-87C1-4275-9575-14B510AD04A2}.Release|Any CPU.Build.0 = Release|Any CPU
		{D0A35315-87C1-4275-9575-14B510AD04A2}.Release|ARM32.ActiveCfg = Release|ARM32
		{D0A35315-87C1-4275-9575-14B510AD04A2}.Release|ARM32.Build.0 = Release|ARM32
		{D0A35315-87C1-4275-9575-14B510AD04A2}.Release|ARM64.ActiveCfg = Release|ARM64
		{D0A35315-87C1-4275-9575-14B510AD04A2}.Release|ARM64.Build.0 = Release|ARM64
		{D0A35315-87C1-4275-9575-14B510AD04A2}.Release|x64.ActiveCfg = Release|Any CPU
		{D0A35315-87C1-4275-9575-14B510AD04A2}.Release|x64.Build.0 = Release|Any CPU
		{D0A35315-87C1-4275-9575-14B510AD04A2}.Release|x86.ActiveCfg = Release|Any CPU
		{D0A35315-87C1-4275-9575-14B510AD04A2}.Release|x86.Build.0 = Release|Any CPU
		{D0A35315-87C1-4275-9575-14B510AD04A2}.Testing|Any CPU.ActiveCfg = Testing|Any CPU
		{D0A35315-87C1-4275-9575-14B510AD04A2}.Testing|Any CPU.Build.0 = Testing|Any CPU
		{D0A35315-87C1-4275-9575-14B510AD04A2}.Testing|ARM32.ActiveCfg = Testing|ARM32
		{D0A35315-87C1-4275-9575-14B510AD04A2}.Testing|ARM32.Build.0 = Testing|ARM32
		{D0A35315-87C1-4275-9575-14B510AD04A2}.Testing|ARM64.ActiveCfg = Testing|ARM64
		{D0A35315-87C1-4275-9575-14B510AD04A2}.Testing|ARM64.Build.0 = Testing|ARM64
		{D0A35315-87C1-4275-9575-14B510AD04A2}.Testing|x64.ActiveCfg = Testing|Any CPU
		{D0A35315-87C1-4275-9575-14B510AD04A2}.Testing|x64.Build.0 = Testing|Any CPU
		{D0A35315-87C1-4275-9575-14B510AD04A2}.Testing|x86.ActiveCfg = Testing|Any CPU
		{D0A35315-87C1-4275-9575-14B510AD04A2}.Testing|x86.Build.0 = Testing|Any CPU
	EndGlobalSection
	GlobalSection(SolutionProperties) = preSolution
		HideSolutionNode = FALSE
	EndGlobalSection
	GlobalSection(ExtensibilityGlobals) = postSolution
		SolutionGuid = {2D9E683F-6202-4B40-93C2-E026E3449FB9}
	EndGlobalSection
EndGlobal
